
Microsoft Visual Studio Solution File, Format Version 12.00
# Visual Studio Version 17
VisualStudioVersion = 17.14.36017.23 d17.14
MinimumVisualStudioVersion = 10.0.40219.1
Project("{FAE04EC0-301F-11D3-BF4B-00C04F79EFBC}") = "BloodSword.API", "BloodSword.API\BloodSword.API.csproj", "{E62BAF1B-F29F-4587-8056-FF8AFA9F92DC}"
EndProject
Project("{FAE04EC0-301F-11D3-BF4B-00C04F79EFBC}") = "BloodswordGame.Data", "BloodswordGame.Data\BloodswordGame.Data.csproj", "{37E6C28E-0050-4B5D-BC00-ADA33024B1EB}"
EndProject
Global
	GlobalSection(SolutionConfigurationPlatforms) = preSolution
		Debug|Any CPU = Debug|Any CPU
		Release|Any CPU = Release|Any CPU
	EndGlobalSection
	GlobalSection(ProjectConfigurationPlatforms) = postSolution
		{E62BAF1B-F29F-4587-8056-FF8AFA9F92DC}.Debug|Any CPU.ActiveCfg = Debug|Any CPU
		{E62BAF1B-F29F-4587-8056-FF8AFA9F92DC}.Debug|Any CPU.Build.0 = Debug|Any CPU
		{E62BAF1B-F29F-4587-8056-FF8AFA9F92DC}.Release|Any CPU.ActiveCfg = Release|Any CPU
		{E62BAF1B-F29F-4587-8056-FF8AFA9F92DC}.Release|Any CPU.Build.0 = Release|Any CPU
		{37E6C28E-0050-4B5D-BC00-ADA33024B1EB}.Debug|Any CPU.ActiveCfg = Debug|Any CPU
		{37E6C28E-0050-4B5D-BC00-ADA33024B1EB}.Debug|Any CPU.Build.0 = Debug|Any CPU
		{37E6C28E-0050-4B5D-BC00-ADA33024B1EB}.Release|Any CPU.ActiveCfg = Release|Any CPU
		{37E6C28E-0050-4B5D-BC00-ADA33024B1EB}.Release|Any CPU.Build.0 = Release|Any CPU
	EndGlobalSection
	GlobalSection(SolutionProperties) = preSolution
		HideSolutionNode = FALSE
	EndGlobalSection
	GlobalSection(ExtensibilityGlobals) = postSolution
		SolutionGuid = {9F38043A-CCB3-4A62-A063-4225742E0674}
	EndGlobalSection
EndGlobal
